
Microsoft Visual Studio Solution File, Format Version 12.00
Project("{FAE04EC0-301F-11D3-BF4B-00C04F79EFBC}") = "InfoTrack.GoogleRank", "InfoTrack.GoogleRank\InfoTrack.GoogleRank.csproj", "{8C07F566-D096-4A24-BA62-405739F8A8FB}"
EndProject
Global
	GlobalSection(SolutionConfigurationPlatforms) = preSolution
		Debug|Any CPU = Debug|Any CPU
		Release|Any CPU = Release|Any CPU
	EndGlobalSection
	GlobalSection(ProjectConfigurationPlatforms) = postSolution
		{8C07F566-D096-4A24-BA62-405739F8A8FB}.Debug|Any CPU.ActiveCfg = Debug|Any CPU
		{8C07F566-D096-4A24-BA62-405739F8A8FB}.Debug|Any CPU.Build.0 = Debug|Any CPU
		{8C07F566-D096-4A24-BA62-405739F8A8FB}.Release|Any CPU.ActiveCfg = Release|Any CPU
		{8C07F566-D096-4A24-BA62-405739F8A8FB}.Release|Any CPU.Build.0 = Release|Any CPU
	EndGlobalSection
EndGlobal
